<?xml version="1.0" encoding="UTF-8" standalone="yes" ?>
<CodeBlocks_project_file>
	<FileVersion major="1" minor="6" />
	<Project>
		<Option title="Proyecto#2" />
		<Option pch_mode="2" />
		<Option compiler="gcc" />
		<Build>
			<Target title="Debug">
				<Option output="bin/Debug/Proyecto#2" prefix_auto="1" extension_auto="1" />
				<Option object_output="obj/Debug/" />
				<Option type="1" />
				<Option compiler="gcc" />
				<Compiler>
					<Add option="-g" />
					<Add directory="include" />
				</Compiler>
			</Target>
			<Target title="Release">
				<Option output="bin/Release/Proyecto#2" prefix_auto="1" extension_auto="1" />
				<Option object_output="obj/Release/" />
				<Option type="1" />
				<Option compiler="gcc" />
				<Compiler>
					<Add option="-O2" />
					<Add directory="include" />
				</Compiler>
				<Linker>
					<Add option="-s" />
				</Linker>
			</Target>
		</Build>
		<Compiler>
			<Add option="-Wall" />
			<Add option="-fexceptions" />
		</Compiler>
		<Unit filename="include/Bota.h" />
		<Unit filename="include/CamisAbstr.h" />
		<Unit filename="include/Camiseta.h" />
		<Unit filename="include/CatalogoEnLinea.h" />
		<Unit filename="include/Cliente.h" />
		<Unit filename="include/ConCuadros.h" />
		<Unit filename="include/ContenedorDeVentas.h" />
		<Unit filename="include/Control.h" />
		<Unit filename="include/DeVestir.h" />
		<Unit filename="include/Ejecutivo.h" />
		<Unit filename="include/Empresa.h" />
		<Unit filename="include/Fecha.h" />
		<Unit filename="include/Hora.h" />
		<Unit filename="include/Jeams.h" />
		<Unit filename="include/MangaLarga.h" />
		<Unit filename="include/Nodo.h" />
		<Unit filename="include/Observa.h" />
		<Unit filename="include/PantalonAbstr.h" />
		<Unit filename="include/Pantaloneta.h" />
		<Unit filename="include/Persona.h" />
		<Unit filename="include/Servicio.h" />
		<Unit filename="include/Subject.h" />
		<Unit filename="include/Tenni.h" />
		<Unit filename="include/TiendaEnCostaRica.h" />
		<Unit filename="include/TrajeAbstracto.h" />
		<Unit filename="include/TrajeDeportivo.h" />
		<Unit filename="include/TrajeEjecutivo.h" />
		<Unit filename="include/TrajeTrabajo.h" />
		<Unit filename="include/Venta.h" />
		<Unit filename="include/Vista.h" />
		<Unit filename="include/ZapatoAbstr.h" />
		<Unit filename="main.cpp" />
		<Unit filename="src/Bota.cpp" />
		<Unit filename="src/CamisAbstr.cpp" />
		<Unit filename="src/Camiseta.cpp" />
		<Unit filename="src/CatalogoEnLinea.cpp" />
		<Unit filename="src/Cliente.cpp" />
		<Unit filename="src/ConCuadros.cpp" />
		<Unit filename="src/ContenedorDeVentas.cpp" />
		<Unit filename="src/Control.cpp" />
		<Unit filename="src/DeVestir.cpp" />
		<Unit filename="src/Ejecutivo.cpp" />
		<Unit filename="src/Empresa.cpp" />
		<Unit filename="src/Fecha.cpp" />
		<Unit filename="src/Hora.cpp" />
		<Unit filename="src/Jeams.cpp" />
		<Unit filename="src/MangaLarga.cpp" />
		<Unit filename="src/Nodo.cpp" />
		<Unit filename="src/Observa.cpp" />
		<Unit filename="src/PantalonAbstr.cpp" />
		<Unit filename="src/Pantaloneta.cpp" />
		<Unit filename="src/Persona.cpp" />
		<Unit filename="src/Servicio.cpp" />
		<Unit filename="src/Subject.cpp" />
		<Unit filename="src/Tenni.cpp" />
		<Unit filename="src/TiendaEnCostaRica.cpp" />
		<Unit filename="src/TrajeAbstracto.cpp" />
		<Unit filename="src/TrajeDeportivo.cpp" />
		<Unit filename="src/TrajeEjecutivo.cpp" />
		<Unit filename="src/TrajeTrabajo.cpp" />
		<Unit filename="src/Venta.cpp" />
		<Unit filename="src/Vista.cpp" />
		<Unit filename="src/ZapatoAbstr.cpp" />
		<Extensions>
			<lib_finder disable_auto="1" />
		</Extensions>
	</Project>
</CodeBlocks_project_file>
